
Microsoft Visual Studio Solution File, Format Version 12.00
# Visual Studio Version 16
VisualStudioVersion = 16.0.29424.173
MinimumVisualStudioVersion = 10.0.40219.1
Project("{9A19103F-16F7-4668-BE54-9A1E7A4F7556}") = "maps", "maps\maps.csproj", "{8891A772-67A4-48BE-B9D9-CC1D4DEE6113}"
EndProject
Global
	GlobalSection(SolutionConfigurationPlatforms) = preSolution
		Debug|Any CPU = Debug|Any CPU
		Release|Any CPU = Release|Any CPU
	EndGlobalSection
	GlobalSection(ProjectConfigurationPlatforms) = postSolution
		{8891A772-67A4-48BE-B9D9-CC1D4DEE6113}.Debug|Any CPU.ActiveCfg = Debug|Any CPU
		{8891A772-67A4-48BE-B9D9-CC1D4DEE6113}.Debug|Any CPU.Build.0 = Debug|Any CPU
		{8891A772-67A4-48BE-B9D9-CC1D4DEE6113}.Release|Any CPU.ActiveCfg = Release|Any CPU
		{8891A772-67A4-48BE-B9D9-CC1D4DEE6113}.Release|Any CPU.Build.0 = Release|Any CPU
	EndGlobalSection
	GlobalSection(SolutionProperties) = preSolution
		HideSolutionNode = FALSE
	EndGlobalSection
	GlobalSection(ExtensibilityGlobals) = postSolution
		SolutionGuid = {4EF01512-7B79-4804-B43C-E74F8D60C682}
	EndGlobalSection
EndGlobal
